
Microsoft Visual Studio Solution File, Format Version 12.00
# Visual Studio Version 16
VisualStudioVersion = 16.0.29728.190
MinimumVisualStudioVersion = 10.0.40219.1
Project("{FAE04EC0-301F-11D3-BF4B-00C04F79EFBC}") = "SignalRWebApp", "SignalRWebApp\SignalRWebApp.csproj", "{573F1C48-1E1F-48DA-B1E6-2BB856004180}"
EndProject
Global
	GlobalSection(SolutionConfigurationPlatforms) = preSolution
		Debug|Any CPU = Debug|Any CPU
		Release|Any CPU = Release|Any CPU
	EndGlobalSection
	GlobalSection(ProjectConfigurationPlatforms) = postSolution
		{573F1C48-1E1F-48DA-B1E6-2BB856004180}.Debug|Any CPU.ActiveCfg = Debug|Any CPU
		{573F1C48-1E1F-48DA-B1E6-2BB856004180}.Debug|Any CPU.Build.0 = Debug|Any CPU
		{573F1C48-1E1F-48DA-B1E6-2BB856004180}.Release|Any CPU.ActiveCfg = Release|Any CPU
		{573F1C48-1E1F-48DA-B1E6-2BB856004180}.Release|Any CPU.Build.0 = Release|Any CPU
	EndGlobalSection
	GlobalSection(SolutionProperties) = preSolution
		HideSolutionNode = FALSE
	EndGlobalSection
	GlobalSection(ExtensibilityGlobals) = postSolution
		SolutionGuid = {2DBEB459-EFCA-4C40-8CA3-74A82D35E3F5}
	EndGlobalSection
EndGlobal
